
Microsoft Visual Studio Solution File, Format Version 12.00
# Visual Studio Version 17
VisualStudioVersion = 17.6.33815.320
MinimumVisualStudioVersion = 10.0.40219.1
Project("{FAE04EC0-301F-11D3-BF4B-00C04F79EFBC}") = "EmployeeWageComputation", "EmployeeWageComputation.csproj", "{EBE0349F-97D7-454A-8906-58DDABBD97F4}"
EndProject
Global
	GlobalSection(SolutionConfigurationPlatforms) = preSolution
		Debug|Any CPU = Debug|Any CPU
		Release|Any CPU = Release|Any CPU
	EndGlobalSection
	GlobalSection(ProjectConfigurationPlatforms) = postSolution
		{EBE0349F-97D7-454A-8906-58DDABBD97F4}.Debug|Any CPU.ActiveCfg = Debug|Any CPU
		{EBE0349F-97D7-454A-8906-58DDABBD97F4}.Debug|Any CPU.Build.0 = Debug|Any CPU
		{EBE0349F-97D7-454A-8906-58DDABBD97F4}.Release|Any CPU.ActiveCfg = Release|Any CPU
		{EBE0349F-97D7-454A-8906-58DDABBD97F4}.Release|Any CPU.Build.0 = Release|Any CPU
	EndGlobalSection
	GlobalSection(SolutionProperties) = preSolution
		HideSolutionNode = FALSE
	EndGlobalSection
	GlobalSection(ExtensibilityGlobals) = postSolution
		SolutionGuid = {8735132E-9926-4D0E-A1D9-AB42A33DC93F}
	EndGlobalSection
EndGlobal
